
Microsoft Visual Studio Solution File, Format Version 12.00
# Visual Studio Version 17
VisualStudioVersion = 17.0.31903.59
MinimumVisualStudioVersion = 10.0.40219.1
Project("{FAE04EC0-301F-11D3-BF4B-00C04F79EFBC}") = "API", "API\API.csproj", "{9F9E31B4-E291-4835-8577-F04BA571F81B}"
EndProject
Project("{FAE04EC0-301F-11D3-BF4B-00C04F79EFBC}") = "Application", "Application\Application.csproj", "{EDD93977-4159-4702-BCC2-9B72F12D7A1D}"
EndProject
Project("{FAE04EC0-301F-11D3-BF4B-00C04F79EFBC}") = "Domain", "Domain\Domain.csproj", "{367811BB-34EC-4629-9C28-A9C17E833EBB}"
EndProject
Project("{FAE04EC0-301F-11D3-BF4B-00C04F79EFBC}") = "Persistence", "Persistence\Persistence.csproj", "{0FEC6D4F-EC5C-439B-B272-33620A9DF048}"
EndProject
Global
	GlobalSection(SolutionConfigurationPlatforms) = preSolution
		Debug|Any CPU = Debug|Any CPU
		Release|Any CPU = Release|Any CPU
	EndGlobalSection
	GlobalSection(SolutionProperties) = preSolution
		HideSolutionNode = FALSE
	EndGlobalSection
	GlobalSection(ProjectConfigurationPlatforms) = postSolution
		{9F9E31B4-E291-4835-8577-F04BA571F81B}.Debug|Any CPU.ActiveCfg = Debug|Any CPU
		{9F9E31B4-E291-4835-8577-F04BA571F81B}.Debug|Any CPU.Build.0 = Debug|Any CPU
		{9F9E31B4-E291-4835-8577-F04BA571F81B}.Release|Any CPU.ActiveCfg = Release|Any CPU
		{9F9E31B4-E291-4835-8577-F04BA571F81B}.Release|Any CPU.Build.0 = Release|Any CPU
		{EDD93977-4159-4702-BCC2-9B72F12D7A1D}.Debug|Any CPU.ActiveCfg = Debug|Any CPU
		{EDD93977-4159-4702-BCC2-9B72F12D7A1D}.Debug|Any CPU.Build.0 = Debug|Any CPU
		{EDD93977-4159-4702-BCC2-9B72F12D7A1D}.Release|Any CPU.ActiveCfg = Release|Any CPU
		{EDD93977-4159-4702-BCC2-9B72F12D7A1D}.Release|Any CPU.Build.0 = Release|Any CPU
		{367811BB-34EC-4629-9C28-A9C17E833EBB}.Debug|Any CPU.ActiveCfg = Debug|Any CPU
		{367811BB-34EC-4629-9C28-A9C17E833EBB}.Debug|Any CPU.Build.0 = Debug|Any CPU
		{367811BB-34EC-4629-9C28-A9C17E833EBB}.Release|Any CPU.ActiveCfg = Release|Any CPU
		{367811BB-34EC-4629-9C28-A9C17E833EBB}.Release|Any CPU.Build.0 = Release|Any CPU
		{0FEC6D4F-EC5C-439B-B272-33620A9DF048}.Debug|Any CPU.ActiveCfg = Debug|Any CPU
		{0FEC6D4F-EC5C-439B-B272-33620A9DF048}.Debug|Any CPU.Build.0 = Debug|Any CPU
		{0FEC6D4F-EC5C-439B-B272-33620A9DF048}.Release|Any CPU.ActiveCfg = Release|Any CPU
		{0FEC6D4F-EC5C-439B-B272-33620A9DF048}.Release|Any CPU.Build.0 = Release|Any CPU
	EndGlobalSection
EndGlobal
